
Microsoft Visual Studio Solution File, Format Version 12.00
# Visual Studio Version 17
VisualStudioVersion = 17.4.33110.190
MinimumVisualStudioVersion = 10.0.40219.1
Project("{9A19103F-16F7-4668-BE54-9A1E7A4F7556}") = "ForestLog", "ForestLog\ForestLog.csproj", "{6963F985-C548-4ABB-A7C4-A1736FFD2876}"
EndProject
Project("{2150E333-8FDC-42A3-9474-1A3956D46DE8}") = "Solution Items", "Solution Items", "{2D3F44E4-8257-47D1-B588-9091FBFFC72A}"
	ProjectSection(SolutionItems) = preProject
		.gitignore = .gitignore
		build-nupkg.bat = build-nupkg.bat
		build-nupkg.sh = build-nupkg.sh
		Directory.Build.props = Directory.Build.props
		LICENSE = LICENSE
		nuget.config = nuget.config
		README.md = README.md
	EndProjectSection
EndProject
Project("{9A19103F-16F7-4668-BE54-9A1E7A4F7556}") = "ForestLog.Core", "ForestLog.Core\ForestLog.Core.csproj", "{79D88349-7802-461B-92B5-9A6AC7C24902}"
EndProject
Project("{9A19103F-16F7-4668-BE54-9A1E7A4F7556}") = "ForestLog.Core.Tests", "ForestLog.Core.Tests\ForestLog.Core.Tests.csproj", "{546E91FF-9791-42ED-9F34-D127C4E91546}"
EndProject
Project("{9A19103F-16F7-4668-BE54-9A1E7A4F7556}") = "ForestLog.Tests", "ForestLog.Tests\ForestLog.Tests.csproj", "{CD5CCE4D-57A2-48DE-9DFA-15680DB839F9}"
EndProject
Project("{9A19103F-16F7-4668-BE54-9A1E7A4F7556}") = "ForestLog.JsonLines", "ForestLog.JsonLines\ForestLog.JsonLines.csproj", "{478FB0B9-BDAD-4F40-A5EE-7F281FDE3D04}"
EndProject
Project("{6EC3EE1D-3C4E-46DD-8F32-0CC8E7565705}") = "FSharp.ForestLog", "FSharp.ForestLog\FSharp.ForestLog.fsproj", "{72ED21B5-9F4A-47B6-82FE-185778CEFB50}"
EndProject
Project("{9A19103F-16F7-4668-BE54-9A1E7A4F7556}") = "ForestLog.Extensions.Logging", "ForestLog.Extensions.Logging\ForestLog.Extensions.Logging.csproj", "{CF14533D-E064-4D91-82BA-507035D220DE}"
EndProject
Project("{9A19103F-16F7-4668-BE54-9A1E7A4F7556}") = "ForestLog.MQTTnet31", "ForestLog.MQTTnet31\ForestLog.MQTTnet31.csproj", "{560E9934-CCCB-4EB0-B0B8-1469EA9FEB35}"
EndProject
Global
	GlobalSection(SolutionConfigurationPlatforms) = preSolution
		Debug|Any CPU = Debug|Any CPU
		Release|Any CPU = Release|Any CPU
	EndGlobalSection
	GlobalSection(ProjectConfigurationPlatforms) = postSolution
		{6963F985-C548-4ABB-A7C4-A1736FFD2876}.Debug|Any CPU.ActiveCfg = Debug|Any CPU
		{6963F985-C548-4ABB-A7C4-A1736FFD2876}.Debug|Any CPU.Build.0 = Debug|Any CPU
		{6963F985-C548-4ABB-A7C4-A1736FFD2876}.Release|Any CPU.ActiveCfg = Release|Any CPU
		{6963F985-C548-4ABB-A7C4-A1736FFD2876}.Release|Any CPU.Build.0 = Release|Any CPU
		{79D88349-7802-461B-92B5-9A6AC7C24902}.Debug|Any CPU.ActiveCfg = Debug|Any CPU
		{79D88349-7802-461B-92B5-9A6AC7C24902}.Debug|Any CPU.Build.0 = Debug|Any CPU
		{79D88349-7802-461B-92B5-9A6AC7C24902}.Release|Any CPU.ActiveCfg = Release|Any CPU
		{79D88349-7802-461B-92B5-9A6AC7C24902}.Release|Any CPU.Build.0 = Release|Any CPU
		{546E91FF-9791-42ED-9F34-D127C4E91546}.Debug|Any CPU.ActiveCfg = Debug|Any CPU
		{546E91FF-9791-42ED-9F34-D127C4E91546}.Debug|Any CPU.Build.0 = Debug|Any CPU
		{546E91FF-9791-42ED-9F34-D127C4E91546}.Release|Any CPU.ActiveCfg = Release|Any CPU
		{546E91FF-9791-42ED-9F34-D127C4E91546}.Release|Any CPU.Build.0 = Release|Any CPU
		{CD5CCE4D-57A2-48DE-9DFA-15680DB839F9}.Debug|Any CPU.ActiveCfg = Debug|Any CPU
		{CD5CCE4D-57A2-48DE-9DFA-15680DB839F9}.Debug|Any CPU.Build.0 = Debug|Any CPU
		{CD5CCE4D-57A2-48DE-9DFA-15680DB839F9}.Release|Any CPU.ActiveCfg = Release|Any CPU
		{CD5CCE4D-57A2-48DE-9DFA-15680DB839F9}.Release|Any CPU.Build.0 = Release|Any CPU
		{478FB0B9-BDAD-4F40-A5EE-7F281FDE3D04}.Debug|Any CPU.ActiveCfg = Debug|Any CPU
		{478FB0B9-BDAD-4F40-A5EE-7F281FDE3D04}.Debug|Any CPU.Build.0 = Debug|Any CPU
		{478FB0B9-BDAD-4F40-A5EE-7F281FDE3D04}.Release|Any CPU.ActiveCfg = Release|Any CPU
		{478FB0B9-BDAD-4F40-A5EE-7F281FDE3D04}.Release|Any CPU.Build.0 = Release|Any CPU
		{72ED21B5-9F4A-47B6-82FE-185778CEFB50}.Debug|Any CPU.ActiveCfg = Debug|Any CPU
		{72ED21B5-9F4A-47B6-82FE-185778CEFB50}.Debug|Any CPU.Build.0 = Debug|Any CPU
		{72ED21B5-9F4A-47B6-82FE-185778CEFB50}.Release|Any CPU.ActiveCfg = Release|Any CPU
		{72ED21B5-9F4A-47B6-82FE-185778CEFB50}.Release|Any CPU.Build.0 = Release|Any CPU
		{CF14533D-E064-4D91-82BA-507035D220DE}.Debug|Any CPU.ActiveCfg = Debug|Any CPU
		{CF14533D-E064-4D91-82BA-507035D220DE}.Debug|Any CPU.Build.0 = Debug|Any CPU
		{CF14533D-E064-4D91-82BA-507035D220DE}.Release|Any CPU.ActiveCfg = Release|Any CPU
		{CF14533D-E064-4D91-82BA-507035D220DE}.Release|Any CPU.Build.0 = Release|Any CPU
		{560E9934-CCCB-4EB0-B0B8-1469EA9FEB35}.Debug|Any CPU.ActiveCfg = Debug|Any CPU
		{560E9934-CCCB-4EB0-B0B8-1469EA9FEB35}.Debug|Any CPU.Build.0 = Debug|Any CPU
		{560E9934-CCCB-4EB0-B0B8-1469EA9FEB35}.Release|Any CPU.ActiveCfg = Release|Any CPU
		{560E9934-CCCB-4EB0-B0B8-1469EA9FEB35}.Release|Any CPU.Build.0 = Release|Any CPU
	EndGlobalSection
	GlobalSection(SolutionProperties) = preSolution
		HideSolutionNode = FALSE
	EndGlobalSection
	GlobalSection(ExtensibilityGlobals) = postSolution
		SolutionGuid = {EC7DF818-2E23-41CF-ABA4-7D5012DB787D}
	EndGlobalSection
EndGlobal
